
Microsoft Visual Studio Solution File, Format Version 12.00
# Visual Studio Version 16
VisualStudioVersion = 16.0.30503.244
MinimumVisualStudioVersion = 10.0.40219.1
Project("{FAE04EC0-301F-11D3-BF4B-00C04F79EFBC}") = "teachers", "..\..\source\repos\teachers\teachers\teachers.csproj", "{B92D7EAC-25F4-4F41-B733-0EF25A1281FB}"
EndProject
Global
	GlobalSection(SolutionConfigurationPlatforms) = preSolution
		Debug|Any CPU = Debug|Any CPU
		Release|Any CPU = Release|Any CPU
	EndGlobalSection
	GlobalSection(ProjectConfigurationPlatforms) = postSolution
		{B92D7EAC-25F4-4F41-B733-0EF25A1281FB}.Debug|Any CPU.ActiveCfg = Debug|Any CPU
		{B92D7EAC-25F4-4F41-B733-0EF25A1281FB}.Debug|Any CPU.Build.0 = Debug|Any CPU
		{B92D7EAC-25F4-4F41-B733-0EF25A1281FB}.Release|Any CPU.ActiveCfg = Release|Any CPU
		{B92D7EAC-25F4-4F41-B733-0EF25A1281FB}.Release|Any CPU.Build.0 = Release|Any CPU
	EndGlobalSection
	GlobalSection(SolutionProperties) = preSolution
		HideSolutionNode = FALSE
	EndGlobalSection
	GlobalSection(ExtensibilityGlobals) = postSolution
		SolutionGuid = {1802F23A-979B-4E6F-B674-D0B1579D968C}
	EndGlobalSection
EndGlobal
